// !$*UTF8*$!
{
	archiveVersion = 1;
	classes = {
	};
	objectVersion = 50;
	objects = {

/* Begin PBXBuildFile section */
		2B4EBB6921DA0E2C005EC5E8 /* AppDelegate.swift in Sources */ = {isa = PBXBuildFile; fileRef = 2B4EBB6821DA0E2C005EC5E8 /* AppDelegate.swift */; };
		2B4EBB6E21DA0E2C005EC5E8 /* Main.storyboard in Resources */ = {isa = PBXBuildFile; fileRef = 2B4EBB6C21DA0E2C005EC5E8 /* Main.storyboard */; };
		2B4EBB7021DA0E2D005EC5E8 /* Assets.xcassets in Resources */ = {isa = PBXBuildFile; fileRef = 2B4EBB6F21DA0E2D005EC5E8 /* Assets.xcassets */; };
		2B4EBB7321DA0E2D005EC5E8 /* LaunchScreen.storyboard in Resources */ = {isa = PBXBuildFile; fileRef = 2B4EBB7121DA0E2D005EC5E8 /* LaunchScreen.storyboard */; };
		2B4EBB7B21DA0EA7005EC5E8 /* TodoListViewController.swift in Sources */ = {isa = PBXBuildFile; fileRef = 2B4EBB7A21DA0EA7005EC5E8 /* TodoListViewController.swift */; };
		2B4EBB7D21DA1133005EC5E8 /* CompletedViewController.swift in Sources */ = {isa = PBXBuildFile; fileRef = 2B4EBB7C21DA1132005EC5E8 /* CompletedViewController.swift */; };
		2B4EBB7F21DA1298005EC5E8 /* MakeTodoListViewController.swift in Sources */ = {isa = PBXBuildFile; fileRef = 2B4EBB7E21DA1298005EC5E8 /* MakeTodoListViewController.swift */; };
		2B4EBB8521DA1B24005EC5E8 /* TodoRLMDB.swift in Sources */ = {isa = PBXBuildFile; fileRef = 2B4EBB8421DA1B24005EC5E8 /* TodoRLMDB.swift */; };
		2B4EBB8821DAEBAB005EC5E8 /* Realm.framework in Frameworks */ = {isa = PBXBuildFile; fileRef = 2B4EBB8621DAEBAA005EC5E8 /* Realm.framework */; };
		2B4EBB8921DAEBAB005EC5E8 /* Realm.framework in Embed Frameworks */ = {isa = PBXBuildFile; fileRef = 2B4EBB8621DAEBAA005EC5E8 /* Realm.framework */; settings = {ATTRIBUTES = (CodeSignOnCopy, RemoveHeadersOnCopy, ); }; };
		2B4EBB8A21DAEBAB005EC5E8 /* RealmSwift.framework in Frameworks */ = {isa = PBXBuildFile; fileRef = 2B4EBB8721DAEBAB005EC5E8 /* RealmSwift.framework */; };
		2B4EBB8B21DAEBAB005EC5E8 /* RealmSwift.framework in Embed Frameworks */ = {isa = PBXBuildFile; fileRef = 2B4EBB8721DAEBAB005EC5E8 /* RealmSwift.framework */; settings = {ATTRIBUTES = (CodeSignOnCopy, RemoveHeadersOnCopy, ); }; };
/* End PBXBuildFile section */

/* Begin PBXCopyFilesBuildPhase section */
		2B4EBB8C21DAEBAB005EC5E8 /* Embed Frameworks */ = {
			isa = PBXCopyFilesBuildPhase;
			buildActionMask = 2147483647;
			dstPath = "";
			dstSubfolderSpec = 10;
			files = (
				2B4EBB8B21DAEBAB005EC5E8 /* RealmSwift.framework in Embed Frameworks */,
				2B4EBB8921DAEBAB005EC5E8 /* Realm.framework in Embed Frameworks */,
			);
			name = "Embed Frameworks";
			runOnlyForDeploymentPostprocessing = 0;
		};
/* End PBXCopyFilesBuildPhase section */

/* Begin PBXFileReference section */
		2B4EBB6521DA0E2C005EC5E8 /* MyTodoList.app */ = {isa = PBXFileReference; explicitFileType = wrapper.application; includeInIndex = 0; path = MyTodoList.app; sourceTree = BUILT_PRODUCTS_DIR; };
		2B4EBB6821DA0E2C005EC5E8 /* AppDelegate.swift */ = {isa = PBXFileReference; lastKnownFileType = sourcecode.swift; path = AppDelegate.swift; sourceTree = "<group>"; };
		2B4EBB6D21DA0E2C005EC5E8 /* Base */ = {isa = PBXFileReference; lastKnownFileType = file.storyboard; name = Base; path = Base.lproj/Main.storyboard; sourceTree = "<group>"; };
		2B4EBB6F21DA0E2D005EC5E8 /* Assets.xcassets */ = {isa = PBXFileReference; lastKnownFileType = folder.assetcatalog; path = Assets.xcassets; sourceTree = "<group>"; };
		2B4EBB7221DA0E2D005EC5E8 /* Base */ = {isa = PBXFileReference; lastKnownFileType = file.storyboard; name = Base; path = Base.lproj/LaunchScreen.storyboard; sourceTree = "<group>"; };
		2B4EBB7421DA0E2D005EC5E8 /* Info.plist */ = {isa = PBXFileReference; lastKnownFileType = text.plist.xml; path = Info.plist; sourceTree = "<group>"; };
		2B4EBB7A21DA0EA7005EC5E8 /* TodoListViewController.swift */ = {isa = PBXFileReference; lastKnownFileType = sourcecode.swift; path = TodoListViewController.swift; sourceTree = "<group>"; };
		2B4EBB7C21DA1132005EC5E8 /* CompletedViewController.swift */ = {isa = PBXFileReference; lastKnownFileType = sourcecode.swift; path = CompletedViewController.swift; sourceTree = "<group>"; };
		2B4EBB7E21DA1298005EC5E8 /* MakeTodoListViewController.swift */ = {isa = PBXFileReference; lastKnownFileType = sourcecode.swift; path = MakeTodoListViewController.swift; sourceTree = "<group>"; };
		2B4EBB8421DA1B24005EC5E8 /* TodoRLMDB.swift */ = {isa = PBXFileReference; lastKnownFileType = sourcecode.swift; path = TodoRLMDB.swift; sourceTree = "<group>"; };
		2B4EBB8621DAEBAA005EC5E8 /* Realm.framework */ = {isa = PBXFileReference; lastKnownFileType = wrapper.framework; path = Realm.framework; sourceTree = "<group>"; };
		2B4EBB8721DAEBAB005EC5E8 /* RealmSwift.framework */ = {isa = PBXFileReference; lastKnownFileType = wrapper.framework; path = RealmSwift.framework; sourceTree = "<group>"; };
/* End PBXFileReference section */

/* Begin PBXFrameworksBuildPhase section */
		2B4EBB6221DA0E2C005EC5E8 /* Frameworks */ = {
			isa = PBXFrameworksBuildPhase;
			buildActionMask = 2147483647;
			files = (
				2B4EBB8A21DAEBAB005EC5E8 /* RealmSwift.framework in Frameworks */,
				2B4EBB8821DAEBAB005EC5E8 /* Realm.framework in Frameworks */,
			);
			runOnlyForDeploymentPostprocessing = 0;
		};
/* End PBXFrameworksBuildPhase section */

/* Begin PBXGroup section */
		2B4EBB5C21DA0E2C005EC5E8 = {
			isa = PBXGroup;
			children = (
				2B4EBB8621DAEBAA005EC5E8 /* Realm.framework */,
				2B4EBB8721DAEBAB005EC5E8 /* RealmSwift.framework */,
				2B4EBB6721DA0E2C005EC5E8 /* MyTodoList */,
				2B4EBB6621DA0E2C005EC5E8 /* Products */,
			);
			sourceTree = "<group>";
		};
		2B4EBB6621DA0E2C005EC5E8 /* Products */ = {
			isa = PBXGroup;
			children = (
				2B4EBB6521DA0E2C005EC5E8 /* MyTodoList.app */,
			);
			name = Products;
			sourceTree = "<group>";
		};
		2B4EBB6721DA0E2C005EC5E8 /* MyTodoList */ = {
			isa = PBXGroup;
			children = (
				2B4EBB6821DA0E2C005EC5E8 /* AppDelegate.swift */,
				2B4EBB7E21DA1298005EC5E8 /* MakeTodoListViewController.swift */,
				2B4EBB7A21DA0EA7005EC5E8 /* TodoListViewController.swift */,
				2B4EBB7C21DA1132005EC5E8 /* CompletedViewController.swift */,
				2B4EBB8421DA1B24005EC5E8 /* TodoRLMDB.swift */,
				2B4EBB6C21DA0E2C005EC5E8 /* Main.storyboard */,
				2B4EBB6F21DA0E2D005EC5E8 /* Assets.xcassets */,
				2B4EBB7121DA0E2D005EC5E8 /* LaunchScreen.storyboard */,
				2B4EBB7421DA0E2D005EC5E8 /* Info.plist */,
			);
			path = MyTodoList;
			sourceTree = "<group>";
		};
/* End PBXGroup section */

/* Begin PBXNativeTarget section */
		2B4EBB6421DA0E2C005EC5E8 /* MyTodoList */ = {
			isa = PBXNativeTarget;
			buildConfigurationList = 2B4EBB7721DA0E2D005EC5E8 /* Build configuration list for PBXNativeTarget "MyTodoList" */;
			buildPhases = (
				2B4EBB6121DA0E2C005EC5E8 /* Sources */,
				2B4EBB6221DA0E2C005EC5E8 /* Frameworks */,
				2B4EBB6321DA0E2C005EC5E8 /* Resources */,
				2B4EBB8C21DAEBAB005EC5E8 /* Embed Frameworks */,
			);
			buildRules = (
			);
			dependencies = (
			);
			name = MyTodoList;
			productName = MyTodoList;
			productReference = 2B4EBB6521DA0E2C005EC5E8 /* MyTodoList.app */;
			productType = "com.apple.product-type.application";
		};
/* End PBXNativeTarget section */

/* Begin PBXProject section */
		2B4EBB5D21DA0E2C005EC5E8 /* Project object */ = {
			isa = PBXProject;
			attributes = {
				LastSwiftUpdateCheck = 1010;
				LastUpgradeCheck = 1010;
				ORGANIZATIONNAME = "ryosuke kubo";
				TargetAttributes = {
					2B4EBB6421DA0E2C005EC5E8 = {
						CreatedOnToolsVersion = 10.1;
					};
				};
			};
			buildConfigurationList = 2B4EBB6021DA0E2C005EC5E8 /* Build configuration list for PBXProject "MyTodoList" */;
			compatibilityVersion = "Xcode 9.3";
			developmentRegion = en;
			hasScannedForEncodings = 0;
			knownRegions = (
				en,
				Base,
			);
			mainGroup = 2B4EBB5C21DA0E2C005EC5E8;
			productRefGroup = 2B4EBB6621DA0E2C005EC5E8 /* Products */;
			projectDirPath = "";
			projectRoot = "";
			targets = (
				2B4EBB6421DA0E2C005EC5E8 /* MyTodoList */,
			);
		};
/* End PBXProject section */

/* Begin PBXResourcesBuildPhase section */
		2B4EBB6321DA0E2C005EC5E8 /* Resources */ = {
			isa = PBXResourcesBuildPhase;
			buildActionMask = 2147483647;
			files = (
				2B4EBB7321DA0E2D005EC5E8 /* LaunchScreen.storyboard in Resources */,
				2B4EBB7021DA0E2D005EC5E8 /* Assets.xcassets in Resources */,
				2B4EBB6E21DA0E2C005EC5E8 /* Main.storyboard in Resources */,
			);
			runOnlyForDeploymentPostprocessing = 0;
		};
/* End PBXResourcesBuildPhase section */

/* Begin PBXSourcesBuildPhase section */
		2B4EBB6121DA0E2C005EC5E8 /* Sources */ = {
			isa = PBXSourcesBuildPhase;
			buildActionMask = 2147483647;
			files = (
				2B4EBB7F21DA1298005EC5E8 /* MakeTodoListViewController.swift in Sources */,
				2B4EBB7D21DA1133005EC5E8 /* CompletedViewController.swift in Sources */,
				2B4EBB8521DA1B24005EC5E8 /* TodoRLMDB.swift in Sources */,
				2B4EBB7B21DA0EA7005EC5E8 /* TodoListViewController.swift in Sources */,
				2B4EBB6921DA0E2C005EC5E8 /* AppDelegate.swift in Sources */,
			);
			runOnlyForDeploymentPostprocessing = 0;
		};
/* End PBXSourcesBuildPhase section */

/* Begin PBXVariantGroup section */
		2B4EBB6C21DA0E2C005EC5E8 /* Main.storyboard */ = {
			isa = PBXVariantGroup;
			children = (
				2B4EBB6D21DA0E2C005EC5E8 /* Base */,
			);
			name = Main.storyboard;
			sourceTree = "<group>";
		};
		2B4EBB7121DA0E2D005EC5E8 /* LaunchScreen.storyboard */ = {
			isa = PBXVariantGroup;
			children = (
				2B4EBB7221DA0E2D005EC5E8 /* Base */,
			);
			name = LaunchScreen.storyboard;
			sourceTree = "<group>";
		};
/* End PBXVariantGroup section */

/* Begin XCBuildConfiguration section */
		2B4EBB7521DA0E2D005EC5E8 /* Debug */ = {
			isa = XCBuildConfiguration;
			buildSettings = {
				ALWAYS_SEARCH_USER_PATHS = NO;
				CLANG_ANALYZER_NONNULL = YES;
				CLANG_ANALYZER_NUMBER_OBJECT_CONVERSION = YES_AGGRESSIVE;
				CLANG_CXX_LANGUAGE_STANDARD = "gnu++14";
				CLANG_CXX_LIBRARY = "libc++";
				CLANG_ENABLE_MODULES = YES;
				CLANG_ENABLE_OBJC_ARC = YES;
				CLANG_ENABLE_OBJC_WEAK = YES;
				CLANG_WARN_BLOCK_CAPTURE_AUTORELEASING = YES;
				CLANG_WARN_BOOL_CONVERSION = YES;
				CLANG_WARN_COMMA = YES;
				CLANG_WARN_CONSTANT_CONVERSION = YES;
				CLANG_WARN_DEPRECATED_OBJC_IMPLEMENTATIONS = YES;
				CLANG_WARN_DIRECT_OBJC_ISA_USAGE = YES_ERROR;
				CLANG_WARN_DOCUMENTATION_COMMENTS = YES;
				CLANG_WARN_EMPTY_BODY = YES;
				CLANG_WARN_ENUM_CONVERSION = YES;
				CLANG_WARN_INFINITE_RECURSION = YES;
				CLANG_WARN_INT_CONVERSION = YES;
				CLANG_WARN_NON_LITERAL_NULL_CONVERSION = YES;
				CLANG_WARN_OBJC_IMPLICIT_RETAIN_SELF = YES;
				CLANG_WARN_OBJC_LITERAL_CONVERSION = YES;
				CLANG_WARN_OBJC_ROOT_CLASS = YES_ERROR;
				CLANG_WARN_RANGE_LOOP_ANALYSIS = YES;
				CLANG_WARN_STRICT_PROTOTYPES = YES;
				CLANG_WARN_SUSPICIOUS_MOVE = YES;
				CLANG_WARN_UNGUARDED_AVAILABILITY = YES_AGGRESSIVE;
				CLANG_WARN_UNREACHABLE_CODE = YES;
				CLANG_WARN__DUPLICATE_METHOD_MATCH = YES;
				CODE_SIGN_IDENTITY = "iPhone Developer";
				COPY_PHASE_STRIP = NO;
				DEBUG_INFORMATION_FORMAT = dwarf;
				ENABLE_STRICT_OBJC_MSGSEND = YES;
				ENABLE_TESTABILITY = YES;
				GCC_C_LANGUAGE_STANDARD = gnu11;
				GCC_DYNAMIC_NO_PIC = NO;
				GCC_NO_COMMON_BLOCKS = YES;
				GCC_OPTIMIZATION_LEVEL = 0;
				GCC_PREPROCESSOR_DEFINITIONS = (
					"DEBUG=1",
					"$(inherited)",
				);
				GCC_WARN_64_TO_32_BIT_CONVERSION = YES;
				GCC_WARN_ABOUT_RETURN_TYPE = YES_ERROR;
				GCC_WARN_UNDECLARED_SELECTOR = YES;
				GCC_WARN_UNINITIALIZED_AUTOS = YES_AGGRESSIVE;
				GCC_WARN_UNUSED_FUNCTION = YES;
				GCC_WARN_UNUSED_VARIABLE = YES;
				IPHONEOS_DEPLOYMENT_TARGET = 12.1;
				MTL_ENABLE_DEBUG_INFO = INCLUDE_SOURCE;
				MTL_FAST_MATH = YES;
				ONLY_ACTIVE_ARCH = YES;
				SDKROOT = iphoneos;
				SWIFT_ACTIVE_COMPILATION_CONDITIONS = DEBUG;
				SWIFT_OPTIMIZATION_LEVEL = "-Onone";
			};
			name = Debug;
		};
		2B4EBB7621DA0E2D005EC5E8 /* Release */ = {
			isa = XCBuildConfiguration;
			buildSettings = {
				ALWAYS_SEARCH_USER_PATHS = NO;
				CLANG_ANALYZER_NONNULL = YES;
				CLANG_ANALYZER_NUMBER_OBJECT_CONVERSION = YES_AGGRESSIVE;
				CLANG_CXX_LANGUAGE_STANDARD = "gnu++14";
				CLANG_CXX_LIBRARY = "libc++";
				CLANG_ENABLE_MODULES = YES;
				CLANG_ENABLE_OBJC_ARC = YES;
				CLANG_ENABLE_OBJC_WEAK = YES;
				CLANG_WARN_BLOCK_CAPTURE_AUTORELEASING = YES;
				CLANG_WARN_BOOL_CONVERSION = YES;
				CLANG_WARN_COMMA = YES;
				CLANG_WARN_CONSTANT_CONVERSION = YES;
				CLANG_WARN_DEPRECATED_OBJC_IMPLEMENTATIONS = YES;
				CLANG_WARN_DIRECT_OBJC_ISA_USAGE = YES_ERROR;
				CLANG_WARN_DOCUMENTATION_COMMENTS = YES;
				CLANG_WARN_EMPTY_BODY = YES;
				CLANG_WARN_ENUM_CONVERSION = YES;
				CLANG_WARN_INFINITE_RECURSION = YES;
				CLANG_WARN_INT_CONVERSION = YES;
				CLANG_WARN_NON_LITERAL_NULL_CONVERSION = YES;
				CLANG_WARN_OBJC_IMPLICIT_RETAIN_SELF = YES;
				CLANG_WARN_OBJC_LITERAL_CONVERSION = YES;
				CLANG_WARN_OBJC_ROOT_CLASS = YES_ERROR;
				CLANG_WARN_RANGE_LOOP_ANALYSIS = YES;
				CLANG_WARN_STRICT_PROTOTYPES = YES;
				CLANG_WARN_SUSPICIOUS_MOVE = YES;
				CLANG_WARN_UNGUARDED_AVAILABILITY = YES_AGGRESSIVE;
				CLANG_WARN_UNREACHABLE_CODE = YES;
				CLANG_WARN__DUPLICATE_METHOD_MATCH = YES;
				CODE_SIGN_IDENTITY = "iPhone Developer";
				COPY_PHASE_STRIP = NO;
				DEBUG_INFORMATION_FORMAT = "dwarf-with-dsym";
				ENABLE_NS_ASSERTIONS = NO;
				ENABLE_STRICT_OBJC_MSGSEND = YES;
				GCC_C_LANGUAGE_STANDARD = gnu11;
				GCC_NO_COMMON_BLOCKS = YES;
				GCC_WARN_64_TO_32_BIT_CONVERSION = YES;
				GCC_WARN_ABOUT_RETURN_TYPE = YES_ERROR;
				GCC_WARN_UNDECLARED_SELECTOR = YES;
				GCC_WARN_UNINITIALIZED_AUTOS = YES_AGGRESSIVE;
				GCC_WARN_UNUSED_FUNCTION = YES;
				GCC_WARN_UNUSED_VARIABLE = YES;
				IPHONEOS_DEPLOYMENT_TARGET = 12.1;
				MTL_ENABLE_DEBUG_INFO = NO;
				MTL_FAST_MATH = YES;
				SDKROOT = iphoneos;
				SWIFT_COMPILATION_MODE = wholemodule;
				SWIFT_OPTIMIZATION_LEVEL = "-O";
				VALIDATE_PRODUCT = YES;
			};
			name = Release;
		};
		2B4EBB7821DA0E2D005EC5E8 /* Debug */ = {
			isa = XCBuildConfiguration;
			buildSettings = {
				ASSETCATALOG_COMPILER_APPICON_NAME = AppIcon;
				CODE_SIGN_STYLE = Automatic;
				DEVELOPMENT_TEAM = 9T539QG34B;
				FRAMEWORK_SEARCH_PATHS = (
					"$(inherited)",
					"$(PROJECT_DIR)",
				);
				INFOPLIST_FILE = MyTodoList/Info.plist;
				LD_RUNPATH_SEARCH_PATHS = (
					"$(inherited)",
					"@executable_path/Frameworks",
				);
				PRODUCT_BUNDLE_IDENTIFIER = com.ryosuke.MyTodoList;
				PRODUCT_NAME = "$(TARGET_NAME)";
				SWIFT_VERSION = 4.2;
				TARGETED_DEVICE_FAMILY = "1,2";
			};
			name = Debug;
		};
		2B4EBB7921DA0E2D005EC5E8 /* Release */ = {
			isa = XCBuildConfiguration;
			buildSettings = {
				ASSETCATALOG_COMPILER_APPICON_NAME = AppIcon;
				CODE_SIGN_STYLE = Automatic;
				DEVELOPMENT_TEAM = 9T539QG34B;
				FRAMEWORK_SEARCH_PATHS = (
					"$(inherited)",
					"$(PROJECT_DIR)",
				);
				INFOPLIST_FILE = MyTodoList/Info.plist;
				LD_RUNPATH_SEARCH_PATHS = (
					"$(inherited)",
					"@executable_path/Frameworks",
				);
				PRODUCT_BUNDLE_IDENTIFIER = com.ryosuke.MyTodoList;
				PRODUCT_NAME = "$(TARGET_NAME)";
				SWIFT_VERSION = 4.2;
				TARGETED_DEVICE_FAMILY = "1,2";
			};
			name = Release;
		};
/* End XCBuildConfiguration section */

/* Begin XCConfigurationList section */
		2B4EBB6021DA0E2C005EC5E8 /* Build configuration list for PBXProject "MyTodoList" */ = {
			isa = XCConfigurationList;
			buildConfigurations = (
				2B4EBB7521DA0E2D005EC5E8 /* Debug */,
				2B4EBB7621DA0E2D005EC5E8 /* Release */,
			);
			defaultConfigurationIsVisible = 0;
			defaultConfigurationName = Release;
		};
		2B4EBB7721DA0E2D005EC5E8 /* Build configuration list for PBXNativeTarget "MyTodoList" */ = {
			isa = XCConfigurationList;
			buildConfigurations = (
				2B4EBB7821DA0E2D005EC5E8 /* Debug */,
				2B4EBB7921DA0E2D005EC5E8 /* Release */,
			);
			defaultConfigurationIsVisible = 0;
			defaultConfigurationName = Release;
		};
/* End XCConfigurationList section */
	};
	rootObject = 2B4EBB5D21DA0E2C005EC5E8 /* Project object */;
}
